
Microsoft Visual Studio Solution File, Format Version 12.00
# Visual Studio Version 17
VisualStudioVersion = 17.7.34024.191
MinimumVisualStudioVersion = 10.0.40219.1
Project("{9A19103F-16F7-4668-BE54-9A1E7A4F7556}") = "Vellum", "Vellum.csproj", "{832AA638-1E05-49FC-87F0-3390DFC7CDC3}"
EndProject
Global
	GlobalSection(SolutionConfigurationPlatforms) = preSolution
		Debug|Any CPU = Debug|Any CPU
		Release|Any CPU = Release|Any CPU
	EndGlobalSection
	GlobalSection(ProjectConfigurationPlatforms) = postSolution
		{832AA638-1E05-49FC-87F0-3390DFC7CDC3}.Debug|Any CPU.ActiveCfg = Debug|Any CPU
		{832AA638-1E05-49FC-87F0-3390DFC7CDC3}.Debug|Any CPU.Build.0 = Debug|Any CPU
		{832AA638-1E05-49FC-87F0-3390DFC7CDC3}.Release|Any CPU.ActiveCfg = Release|Any CPU
		{832AA638-1E05-49FC-87F0-3390DFC7CDC3}.Release|Any CPU.Build.0 = Release|Any CPU
	EndGlobalSection
	GlobalSection(SolutionProperties) = preSolution
		HideSolutionNode = FALSE
	EndGlobalSection
	GlobalSection(ExtensibilityGlobals) = postSolution
		SolutionGuid = {24E7F2DF-3F2C-4C7D-8D72-CE8AE645450E}
	EndGlobalSection
EndGlobal
